
Microsoft Visual Studio Solution File, Format Version 12.00
# Visual Studio Version 17
VisualStudioVersion = 17.5.33502.453
MinimumVisualStudioVersion = 10.0.40219.1
Project("{FAE04EC0-301F-11D3-BF4B-00C04F79EFBC}") = "StudentProjectMeinProfil", "StudentProjectMeinProfil\StudentProjectMeinProfil.csproj", "{4A5EBCF3-5E97-4E48-9252-FDF9235C528E}"
EndProject
Global
	GlobalSection(SolutionConfigurationPlatforms) = preSolution
		Debug|Any CPU = Debug|Any CPU
		Release|Any CPU = Release|Any CPU
	EndGlobalSection
	GlobalSection(ProjectConfigurationPlatforms) = postSolution
		{4A5EBCF3-5E97-4E48-9252-FDF9235C528E}.Debug|Any CPU.ActiveCfg = Debug|Any CPU
		{4A5EBCF3-5E97-4E48-9252-FDF9235C528E}.Debug|Any CPU.Build.0 = Debug|Any CPU
		{4A5EBCF3-5E97-4E48-9252-FDF9235C528E}.Release|Any CPU.ActiveCfg = Release|Any CPU
		{4A5EBCF3-5E97-4E48-9252-FDF9235C528E}.Release|Any CPU.Build.0 = Release|Any CPU
	EndGlobalSection
	GlobalSection(SolutionProperties) = preSolution
		HideSolutionNode = FALSE
	EndGlobalSection
	GlobalSection(ExtensibilityGlobals) = postSolution
		SolutionGuid = {4EFEC7B5-C5CB-42F5-95C4-0E783442DF18}
	EndGlobalSection
EndGlobal
